
Microsoft Visual Studio Solution File, Format Version 12.00
# Visual Studio Version 16
VisualStudioVersion = 16.0.30114.105
MinimumVisualStudioVersion = 10.0.40219.1
Project("{FAE04EC0-301F-11D3-BF4B-00C04F79EFBC}") = "HBRTEST", "HBRTEST\HBRTEST.csproj", "{5670EED4-BA20-47F8-819B-06CA85450DF9}"
EndProject
Project("{9A19103F-16F7-4668-BE54-9A1E7A4F7556}") = "HBRTEST.DAL", "HBRTEST.DAL\HBRTEST.DAL.csproj", "{0D47E828-BD18-40EB-AD4A-D8DEF6BA19ED}"
EndProject
Project("{9A19103F-16F7-4668-BE54-9A1E7A4F7556}") = "HBRTEST.Entities", "HBRTEST.Entities\HBRTEST.Entities.csproj", "{474CC7AA-1A72-491A-A197-F0E6ADB6CD27}"
EndProject
Project("{9A19103F-16F7-4668-BE54-9A1E7A4F7556}") = "HBRTEST.BLL", "HBRTEST.BLL\HBRTEST.BLL.csproj", "{B8433AA3-6E9C-45A8-9028-BB464E0BEE0F}"
EndProject
Project("{9A19103F-16F7-4668-BE54-9A1E7A4F7556}") = "HBRTEST.Utilities", "HBRTEST.Utilities\HBRTEST.Utilities.csproj", "{A61F9F3F-8373-490F-91E5-892C6C9D0F55}"
EndProject
Project("{FAE04EC0-301F-11D3-BF4B-00C04F79EFBC}") = "HBRTEST.UnitTest", "HBRTEST.UnitTest\HBRTEST.UnitTest.csproj", "{1072809D-F606-4A60-A6D9-1EFD33310B42}"
EndProject
Project("{FAE04EC0-301F-11D3-BF4B-00C04F79EFBC}") = "HBRTEST.ErrorHandling", "HBRTEST.ErrorHandling\HBRTEST.ErrorHandling.csproj", "{3B1ED75F-181E-4E50-B360-187D9AAE0283}"
EndProject
Global
	GlobalSection(SolutionConfigurationPlatforms) = preSolution
		Debug|Any CPU = Debug|Any CPU
		Release|Any CPU = Release|Any CPU
	EndGlobalSection
	GlobalSection(ProjectConfigurationPlatforms) = postSolution
		{5670EED4-BA20-47F8-819B-06CA85450DF9}.Debug|Any CPU.ActiveCfg = Debug|Any CPU
		{5670EED4-BA20-47F8-819B-06CA85450DF9}.Debug|Any CPU.Build.0 = Debug|Any CPU
		{5670EED4-BA20-47F8-819B-06CA85450DF9}.Release|Any CPU.ActiveCfg = Release|Any CPU
		{5670EED4-BA20-47F8-819B-06CA85450DF9}.Release|Any CPU.Build.0 = Release|Any CPU
		{0D47E828-BD18-40EB-AD4A-D8DEF6BA19ED}.Debug|Any CPU.ActiveCfg = Debug|Any CPU
		{0D47E828-BD18-40EB-AD4A-D8DEF6BA19ED}.Debug|Any CPU.Build.0 = Debug|Any CPU
		{0D47E828-BD18-40EB-AD4A-D8DEF6BA19ED}.Release|Any CPU.ActiveCfg = Release|Any CPU
		{0D47E828-BD18-40EB-AD4A-D8DEF6BA19ED}.Release|Any CPU.Build.0 = Release|Any CPU
		{474CC7AA-1A72-491A-A197-F0E6ADB6CD27}.Debug|Any CPU.ActiveCfg = Debug|Any CPU
		{474CC7AA-1A72-491A-A197-F0E6ADB6CD27}.Debug|Any CPU.Build.0 = Debug|Any CPU
		{474CC7AA-1A72-491A-A197-F0E6ADB6CD27}.Release|Any CPU.ActiveCfg = Release|Any CPU
		{474CC7AA-1A72-491A-A197-F0E6ADB6CD27}.Release|Any CPU.Build.0 = Release|Any CPU
		{B8433AA3-6E9C-45A8-9028-BB464E0BEE0F}.Debug|Any CPU.ActiveCfg = Debug|Any CPU
		{B8433AA3-6E9C-45A8-9028-BB464E0BEE0F}.Debug|Any CPU.Build.0 = Debug|Any CPU
		{B8433AA3-6E9C-45A8-9028-BB464E0BEE0F}.Release|Any CPU.ActiveCfg = Release|Any CPU
		{B8433AA3-6E9C-45A8-9028-BB464E0BEE0F}.Release|Any CPU.Build.0 = Release|Any CPU
		{A61F9F3F-8373-490F-91E5-892C6C9D0F55}.Debug|Any CPU.ActiveCfg = Debug|Any CPU
		{A61F9F3F-8373-490F-91E5-892C6C9D0F55}.Debug|Any CPU.Build.0 = Debug|Any CPU
		{A61F9F3F-8373-490F-91E5-892C6C9D0F55}.Release|Any CPU.ActiveCfg = Release|Any CPU
		{A61F9F3F-8373-490F-91E5-892C6C9D0F55}.Release|Any CPU.Build.0 = Release|Any CPU
		{1072809D-F606-4A60-A6D9-1EFD33310B42}.Debug|Any CPU.ActiveCfg = Debug|Any CPU
		{1072809D-F606-4A60-A6D9-1EFD33310B42}.Debug|Any CPU.Build.0 = Debug|Any CPU
		{1072809D-F606-4A60-A6D9-1EFD33310B42}.Release|Any CPU.ActiveCfg = Release|Any CPU
		{1072809D-F606-4A60-A6D9-1EFD33310B42}.Release|Any CPU.Build.0 = Release|Any CPU
		{3B1ED75F-181E-4E50-B360-187D9AAE0283}.Debug|Any CPU.ActiveCfg = Debug|Any CPU
		{3B1ED75F-181E-4E50-B360-187D9AAE0283}.Debug|Any CPU.Build.0 = Debug|Any CPU
		{3B1ED75F-181E-4E50-B360-187D9AAE0283}.Release|Any CPU.ActiveCfg = Release|Any CPU
		{3B1ED75F-181E-4E50-B360-187D9AAE0283}.Release|Any CPU.Build.0 = Release|Any CPU
	EndGlobalSection
	GlobalSection(SolutionProperties) = preSolution
		HideSolutionNode = FALSE
	EndGlobalSection
	GlobalSection(ExtensibilityGlobals) = postSolution
		SolutionGuid = {48A05E16-E75F-417C-A129-058D85867AE7}
	EndGlobalSection
EndGlobal
